
Microsoft Visual Studio Solution File, Format Version 12.00
# Visual Studio Version 17
VisualStudioVersion = 17.12.35506.116
MinimumVisualStudioVersion = 10.0.40219.1
Project("{FAE04EC0-301F-11D3-BF4B-00C04F79EFBC}") = "Korn.Installer.Core", "Korn.Installer.Core\Korn.Installer.Core.csproj", "{EEE14F97-4AA4-421B-B8D7-728D99370E88}"
EndProject
Project("{2150E333-8FDC-42A3-9474-1A3956D46DE8}") = "Korn", "Korn", "{9A97FC99-CAAA-4989-B6D4-606CC99B126E}"
EndProject
Project("{FAE04EC0-301F-11D3-BF4B-00C04F79EFBC}") = "Korn.Utils.GithubExplorer", "..\Korn.Utils.GithubExplorer\Korn.Utils.GithubExplorer\Korn.Utils.GithubExplorer.csproj", "{E49D15F0-A1D2-4E16-8520-E7C69596E810}"
EndProject
Project("{FAE04EC0-301F-11D3-BF4B-00C04F79EFBC}") = "Korn.Core", "..\Korn.Core\Korn.Core\Korn.Core.csproj", "{FCA9CED5-AB62-450F-B622-6F979C4CD879}"
EndProject
Global
	GlobalSection(SolutionConfigurationPlatforms) = preSolution
		Debug|x64 = Debug|x64
		Release|x64 = Release|x64
	EndGlobalSection
	GlobalSection(ProjectConfigurationPlatforms) = postSolution
		{EEE14F97-4AA4-421B-B8D7-728D99370E88}.Debug|x64.ActiveCfg = Debug|x64
		{EEE14F97-4AA4-421B-B8D7-728D99370E88}.Debug|x64.Build.0 = Debug|x64
		{EEE14F97-4AA4-421B-B8D7-728D99370E88}.Release|x64.ActiveCfg = Release|x64
		{EEE14F97-4AA4-421B-B8D7-728D99370E88}.Release|x64.Build.0 = Release|x64
		{E49D15F0-A1D2-4E16-8520-E7C69596E810}.Debug|x64.ActiveCfg = Debug|x64
		{E49D15F0-A1D2-4E16-8520-E7C69596E810}.Debug|x64.Build.0 = Debug|x64
		{E49D15F0-A1D2-4E16-8520-E7C69596E810}.Release|x64.ActiveCfg = Release|x64
		{E49D15F0-A1D2-4E16-8520-E7C69596E810}.Release|x64.Build.0 = Release|x64
		{FCA9CED5-AB62-450F-B622-6F979C4CD879}.Debug|x64.ActiveCfg = Debug|x64
		{FCA9CED5-AB62-450F-B622-6F979C4CD879}.Debug|x64.Build.0 = Debug|x64
		{FCA9CED5-AB62-450F-B622-6F979C4CD879}.Release|x64.ActiveCfg = Release|x64
		{FCA9CED5-AB62-450F-B622-6F979C4CD879}.Release|x64.Build.0 = Release|x64
	EndGlobalSection
	GlobalSection(SolutionProperties) = preSolution
		HideSolutionNode = FALSE
	EndGlobalSection
	GlobalSection(NestedProjects) = preSolution
		{E49D15F0-A1D2-4E16-8520-E7C69596E810} = {9A97FC99-CAAA-4989-B6D4-606CC99B126E}
		{FCA9CED5-AB62-450F-B622-6F979C4CD879} = {9A97FC99-CAAA-4989-B6D4-606CC99B126E}
	EndGlobalSection
EndGlobal
